// !$*UTF8*$!
{
	archiveVersion = 1;
	classes = {
	};
	objectVersion = 46;
	objects = {

/* Begin PBXBuildFile section */
		72782EF414CE170B00A84C35 /* PrevHDILImages.m in Sources */ = {isa = PBXBuildFile; fileRef = 72782EF314CE170B00A84C35 /* PrevHDILImages.m */; };
		72782EF514CE170B00A84C35 /* PrevHDILImages.m in Sources */ = {isa = PBXBuildFile; fileRef = 72782EF314CE170B00A84C35 /* PrevHDILImages.m */; };
		72782EF814CE172700A84C35 /* FashionistasSettingsView.m in Sources */ = {isa = PBXBuildFile; fileRef = 72782EF714CE172700A84C35 /* FashionistasSettingsView.m */; };
		72782EF914CE172700A84C35 /* FashionistasSettingsView.m in Sources */ = {isa = PBXBuildFile; fileRef = 72782EF714CE172700A84C35 /* FashionistasSettingsView.m */; };
		72782EFC14CE175200A84C35 /* FashionistasScrollView.m in Sources */ = {isa = PBXBuildFile; fileRef = 72782EFB14CE175200A84C35 /* FashionistasScrollView.m */; };
		72782EFD14CE175200A84C35 /* FashionistasScrollView.m in Sources */ = {isa = PBXBuildFile; fileRef = 72782EFB14CE175200A84C35 /* FashionistasScrollView.m */; };
		72782F0014CE177500A84C35 /* HDILImageView.m in Sources */ = {isa = PBXBuildFile; fileRef = 72782EFF14CE177500A84C35 /* HDILImageView.m */; };
		72782F0114CE177500A84C35 /* HDILImageView.m in Sources */ = {isa = PBXBuildFile; fileRef = 72782EFF14CE177500A84C35 /* HDILImageView.m */; };
		72782F0514CE198800A84C35 /* HDILImageCache.m in Sources */ = {isa = PBXBuildFile; fileRef = 72782F0414CE198800A84C35 /* HDILImageCache.m */; };
		72782F0614CE198800A84C35 /* HDILImageCache.m in Sources */ = {isa = PBXBuildFile; fileRef = 72782F0414CE198800A84C35 /* HDILImageCache.m */; };
		72782F0914CE1B4C00A84C35 /* SettingsProvider.m in Sources */ = {isa = PBXBuildFile; fileRef = 72782F0814CE1B4C00A84C35 /* SettingsProvider.m */; };
		72782F0A14CE1B4C00A84C35 /* SettingsProvider.m in Sources */ = {isa = PBXBuildFile; fileRef = 72782F0814CE1B4C00A84C35 /* SettingsProvider.m */; };
		728C9CB814CA979400D4A0EF /* DefaultViewController.m in Sources */ = {isa = PBXBuildFile; fileRef = 728C9CB614CA979400D4A0EF /* DefaultViewController.m */; };
		728C9CB914CA979400D4A0EF /* DefaultViewController.xib in Resources */ = {isa = PBXBuildFile; fileRef = 728C9CB714CA979400D4A0EF /* DefaultViewController.xib */; };
		728C9CBE14CA9CE700D4A0EF /* MBProgressHUD.m in Sources */ = {isa = PBXBuildFile; fileRef = 728C9CBD14CA9CE700D4A0EF /* MBProgressHUD.m */; };
		728C9CC214CA9F0D00D4A0EF /* FacebookProvider.m in Sources */ = {isa = PBXBuildFile; fileRef = 728C9CC114CA9F0D00D4A0EF /* FacebookProvider.m */; };
		728C9CC614CAA1EA00D4A0EF /* FBPerson.m in Sources */ = {isa = PBXBuildFile; fileRef = 728C9CC514CAA1EA00D4A0EF /* FBPerson.m */; };
		728C9CD314CAA42000D4A0EF /* DataProvider.m in Sources */ = {isa = PBXBuildFile; fileRef = 728C9CD214CAA42000D4A0EF /* DataProvider.m */; };
		728C9CD614CAABC200D4A0EF /* HDILImage.m in Sources */ = {isa = PBXBuildFile; fileRef = 728C9CD514CAABC200D4A0EF /* HDILImage.m */; };
		728C9CED14CAB66600D4A0EF /* FacebookRequest.m in Sources */ = {isa = PBXBuildFile; fileRef = 728C9CEC14CAB66600D4A0EF /* FacebookRequest.m */; };
		7299A50014B58B1B00097475 /* UIKit.framework in Frameworks */ = {isa = PBXBuildFile; fileRef = 7299A4FF14B58B1B00097475 /* UIKit.framework */; };
		7299A50214B58B1B00097475 /* Foundation.framework in Frameworks */ = {isa = PBXBuildFile; fileRef = 7299A50114B58B1B00097475 /* Foundation.framework */; };
		7299A50414B58B1B00097475 /* CoreGraphics.framework in Frameworks */ = {isa = PBXBuildFile; fileRef = 7299A50314B58B1B00097475 /* CoreGraphics.framework */; };
		7299A50A14B58B1B00097475 /* InfoPlist.strings in Resources */ = {isa = PBXBuildFile; fileRef = 7299A50814B58B1B00097475 /* InfoPlist.strings */; };
		7299A50C14B58B1B00097475 /* main.m in Sources */ = {isa = PBXBuildFile; fileRef = 7299A50B14B58B1B00097475 /* main.m */; };
		7299A51014B58B1B00097475 /* AppDelegate.m in Sources */ = {isa = PBXBuildFile; fileRef = 7299A50F14B58B1B00097475 /* AppDelegate.m */; };
		7299A51814B58B1B00097475 /* SenTestingKit.framework in Frameworks */ = {isa = PBXBuildFile; fileRef = 7299A51714B58B1B00097475 /* SenTestingKit.framework */; };
		7299A51914B58B1B00097475 /* UIKit.framework in Frameworks */ = {isa = PBXBuildFile; fileRef = 7299A4FF14B58B1B00097475 /* UIKit.framework */; };
		7299A51A14B58B1B00097475 /* Foundation.framework in Frameworks */ = {isa = PBXBuildFile; fileRef = 7299A50114B58B1B00097475 /* Foundation.framework */; };
		7299A52214B58B1B00097475 /* InfoPlist.strings in Resources */ = {isa = PBXBuildFile; fileRef = 7299A52014B58B1B00097475 /* InfoPlist.strings */; };
		7299A52514B58B1B00097475 /* howdoilookTests.m in Sources */ = {isa = PBXBuildFile; fileRef = 7299A52414B58B1B00097475 /* howdoilookTests.m */; };
		7299A55414B58C5E00097475 /* Facebook.m in Sources */ = {isa = PBXBuildFile; fileRef = 7299A53914B58C5D00097475 /* Facebook.m */; };
		7299A55514B58C5E00097475 /* FBDialog.bundle in Resources */ = {isa = PBXBuildFile; fileRef = 7299A53C14B58C5D00097475 /* FBDialog.bundle */; };
		7299A55614B58C5E00097475 /* FBDialog.m in Sources */ = {isa = PBXBuildFile; fileRef = 7299A53E14B58C5D00097475 /* FBDialog.m */; };
		7299A55714B58C5E00097475 /* FBLoginDialog.m in Sources */ = {isa = PBXBuildFile; fileRef = 7299A54014B58C5D00097475 /* FBLoginDialog.m */; };
		7299A55814B58C5E00097475 /* FBRequest.m in Sources */ = {isa = PBXBuildFile; fileRef = 7299A54214B58C5D00097475 /* FBRequest.m */; };
		7299A55914B58C5E00097475 /* NSObject+SBJSON.m in Sources */ = {isa = PBXBuildFile; fileRef = 7299A54614B58C5D00097475 /* NSObject+SBJSON.m */; };
		7299A55A14B58C5E00097475 /* NSString+SBJSON.m in Sources */ = {isa = PBXBuildFile; fileRef = 7299A54814B58C5D00097475 /* NSString+SBJSON.m */; };
		7299A55B14B58C5E00097475 /* SBJSON.m in Sources */ = {isa = PBXBuildFile; fileRef = 7299A54A14B58C5D00097475 /* SBJSON.m */; };
		7299A55C14B58C5E00097475 /* SBJsonBase.m in Sources */ = {isa = PBXBuildFile; fileRef = 7299A54C14B58C5D00097475 /* SBJsonBase.m */; };
		7299A55D14B58C5E00097475 /* SBJsonParser.m in Sources */ = {isa = PBXBuildFile; fileRef = 7299A54E14B58C5D00097475 /* SBJsonParser.m */; };
		7299A55E14B58C5E00097475 /* SBJsonWriter.m in Sources */ = {isa = PBXBuildFile; fileRef = 7299A55014B58C5D00097475 /* SBJsonWriter.m */; };
		7299A56814B58DBB00097475 /* SignInViewController.m in Sources */ = {isa = PBXBuildFile; fileRef = 7299A56614B58DBB00097475 /* SignInViewController.m */; };
		7299A56914B58DBB00097475 /* SignInViewController.xib in Resources */ = {isa = PBXBuildFile; fileRef = 7299A56714B58DBB00097475 /* SignInViewController.xib */; };
		7299A56D14B58E1600097475 /* MasterViewController.m in Sources */ = {isa = PBXBuildFile; fileRef = 7299A56C14B58E1600097475 /* MasterViewController.m */; };
		7299A57214B5919500097475 /* HomeViewController.m in Sources */ = {isa = PBXBuildFile; fileRef = 7299A57014B5919500097475 /* HomeViewController.m */; };
		7299A57314B5919500097475 /* HomeViewController.xib in Resources */ = {isa = PBXBuildFile; fileRef = 7299A57114B5919500097475 /* HomeViewController.xib */; };
		7299A57714B5920700097475 /* CameraViewController.m in Sources */ = {isa = PBXBuildFile; fileRef = 7299A57514B5920700097475 /* CameraViewController.m */; };
		7299A57814B5920700097475 /* CameraViewController.xib in Resources */ = {isa = PBXBuildFile; fileRef = 7299A57614B5920700097475 /* CameraViewController.xib */; };
		7299A57C14B5921700097475 /* ConfirmViewController.m in Sources */ = {isa = PBXBuildFile; fileRef = 7299A57A14B5921700097475 /* ConfirmViewController.m */; };
		7299A57D14B5921700097475 /* ConfirmViewController.xib in Resources */ = {isa = PBXBuildFile; fileRef = 7299A57B14B5921700097475 /* ConfirmViewController.xib */; };
		7299A58014B5976500097475 /* InProcessViewController.m in Sources */ = {isa = PBXBuildFile; fileRef = 7299A57F14B5976500097475 /* InProcessViewController.m */; };
		7299A58314B599D500097475 /* HowDoILookViewController.m in Sources */ = {isa = PBXBuildFile; fileRef = 7299A58214B599D500097475 /* HowDoILookViewController.m */; };
/* End PBXBuildFile section */

/* Begin PBXContainerItemProxy section */
		7299A51B14B58B1B00097475 /* PBXContainerItemProxy */ = {
			isa = PBXContainerItemProxy;
			containerPortal = 7299A4F214B58B1B00097475 /* Project object */;
			proxyType = 1;
			remoteGlobalIDString = 7299A4FA14B58B1B00097475;
			remoteInfo = howdoilook;
		};
		7299A56014B58C5E00097475 /* PBXContainerItemProxy */ = {
			isa = PBXContainerItemProxy;
			containerPortal = 7299A53514B58C5D00097475 /* facebook-ios-sdk.xcodeproj */;
			proxyType = 2;
			remoteGlobalIDString = D2AAC07E0554694100DB518D;
			remoteInfo = "facebook-ios-sdk";
		};
/* End PBXContainerItemProxy section */

/* Begin PBXFileReference section */
		72782EF214CE170B00A84C35 /* PrevHDILImages.h */ = {isa = PBXFileReference; fileEncoding = 4; lastKnownFileType = sourcecode.c.h; path = PrevHDILImages.h; sourceTree = "<group>"; };
		72782EF314CE170B00A84C35 /* PrevHDILImages.m */ = {isa = PBXFileReference; fileEncoding = 4; lastKnownFileType = sourcecode.c.objc; path = PrevHDILImages.m; sourceTree = "<group>"; };
		72782EF614CE172700A84C35 /* FashionistasSettingsView.h */ = {isa = PBXFileReference; fileEncoding = 4; lastKnownFileType = sourcecode.c.h; path = FashionistasSettingsView.h; sourceTree = "<group>"; };
		72782EF714CE172700A84C35 /* FashionistasSettingsView.m */ = {isa = PBXFileReference; fileEncoding = 4; lastKnownFileType = sourcecode.c.objc; path = FashionistasSettingsView.m; sourceTree = "<group>"; };
		72782EFA14CE175200A84C35 /* FashionistasScrollView.h */ = {isa = PBXFileReference; fileEncoding = 4; lastKnownFileType = sourcecode.c.h; path = FashionistasScrollView.h; sourceTree = "<group>"; };
		72782EFB14CE175200A84C35 /* FashionistasScrollView.m */ = {isa = PBXFileReference; fileEncoding = 4; lastKnownFileType = sourcecode.c.objc; path = FashionistasScrollView.m; sourceTree = "<group>"; };
		72782EFE14CE177500A84C35 /* HDILImageView.h */ = {isa = PBXFileReference; fileEncoding = 4; lastKnownFileType = sourcecode.c.h; path = HDILImageView.h; sourceTree = "<group>"; };
		72782EFF14CE177500A84C35 /* HDILImageView.m */ = {isa = PBXFileReference; fileEncoding = 4; lastKnownFileType = sourcecode.c.objc; path = HDILImageView.m; sourceTree = "<group>"; };
		72782F0314CE198800A84C35 /* HDILImageCache.h */ = {isa = PBXFileReference; fileEncoding = 4; lastKnownFileType = sourcecode.c.h; path = HDILImageCache.h; sourceTree = "<group>"; };
		72782F0414CE198800A84C35 /* HDILImageCache.m */ = {isa = PBXFileReference; fileEncoding = 4; lastKnownFileType = sourcecode.c.objc; path = HDILImageCache.m; sourceTree = "<group>"; };
		72782F0714CE1B4B00A84C35 /* SettingsProvider.h */ = {isa = PBXFileReference; fileEncoding = 4; lastKnownFileType = sourcecode.c.h; path = SettingsProvider.h; sourceTree = "<group>"; };
		72782F0814CE1B4C00A84C35 /* SettingsProvider.m */ = {isa = PBXFileReference; fileEncoding = 4; lastKnownFileType = sourcecode.c.objc; path = SettingsProvider.m; sourceTree = "<group>"; };
		728C9CB514CA979400D4A0EF /* DefaultViewController.h */ = {isa = PBXFileReference; fileEncoding = 4; lastKnownFileType = sourcecode.c.h; path = DefaultViewController.h; sourceTree = "<group>"; };
		728C9CB614CA979400D4A0EF /* DefaultViewController.m */ = {isa = PBXFileReference; fileEncoding = 4; lastKnownFileType = sourcecode.c.objc; path = DefaultViewController.m; sourceTree = "<group>"; };
		728C9CB714CA979400D4A0EF /* DefaultViewController.xib */ = {isa = PBXFileReference; fileEncoding = 4; lastKnownFileType = file.xib; path = DefaultViewController.xib; sourceTree = "<group>"; };
		728C9CBC14CA9CE700D4A0EF /* MBProgressHUD.h */ = {isa = PBXFileReference; fileEncoding = 4; lastKnownFileType = sourcecode.c.h; name = MBProgressHUD.h; path = ../../mbprogresshud/MBProgressHUD.h; sourceTree = "<group>"; };
		728C9CBD14CA9CE700D4A0EF /* MBProgressHUD.m */ = {isa = PBXFileReference; fileEncoding = 4; lastKnownFileType = sourcecode.c.objc; name = MBProgressHUD.m; path = ../../mbprogresshud/MBProgressHUD.m; sourceTree = "<group>"; };
		728C9CC014CA9F0D00D4A0EF /* FacebookProvider.h */ = {isa = PBXFileReference; fileEncoding = 4; lastKnownFileType = sourcecode.c.h; path = FacebookProvider.h; sourceTree = "<group>"; };
		728C9CC114CA9F0D00D4A0EF /* FacebookProvider.m */ = {isa = PBXFileReference; fileEncoding = 4; lastKnownFileType = sourcecode.c.objc; path = FacebookProvider.m; sourceTree = "<group>"; };
		728C9CC414CAA1EA00D4A0EF /* FBPerson.h */ = {isa = PBXFileReference; fileEncoding = 4; lastKnownFileType = sourcecode.c.h; path = FBPerson.h; sourceTree = "<group>"; };
		728C9CC514CAA1EA00D4A0EF /* FBPerson.m */ = {isa = PBXFileReference; fileEncoding = 4; lastKnownFileType = sourcecode.c.objc; path = FBPerson.m; sourceTree = "<group>"; };
		728C9CD114CAA41F00D4A0EF /* DataProvider.h */ = {isa = PBXFileReference; fileEncoding = 4; lastKnownFileType = sourcecode.c.h; path = DataProvider.h; sourceTree = "<group>"; };
		728C9CD214CAA42000D4A0EF /* DataProvider.m */ = {isa = PBXFileReference; fileEncoding = 4; lastKnownFileType = sourcecode.c.objc; path = DataProvider.m; sourceTree = "<group>"; };
		728C9CD414CAABC200D4A0EF /* HDILImage.h */ = {isa = PBXFileReference; fileEncoding = 4; lastKnownFileType = sourcecode.c.h; path = HDILImage.h; sourceTree = "<group>"; };
		728C9CD514CAABC200D4A0EF /* HDILImage.m */ = {isa = PBXFileReference; fileEncoding = 4; lastKnownFileType = sourcecode.c.objc; path = HDILImage.m; sourceTree = "<group>"; };
		728C9CEB14CAB66600D4A0EF /* FacebookRequest.h */ = {isa = PBXFileReference; fileEncoding = 4; lastKnownFileType = sourcecode.c.h; path = FacebookRequest.h; sourceTree = "<group>"; };
		728C9CEC14CAB66600D4A0EF /* FacebookRequest.m */ = {isa = PBXFileReference; fileEncoding = 4; lastKnownFileType = sourcecode.c.objc; path = FacebookRequest.m; sourceTree = "<group>"; };
		7299A4FB14B58B1B00097475 /* howdoilook.app */ = {isa = PBXFileReference; explicitFileType = wrapper.application; includeInIndex = 0; path = howdoilook.app; sourceTree = BUILT_PRODUCTS_DIR; };
		7299A4FF14B58B1B00097475 /* UIKit.framework */ = {isa = PBXFileReference; lastKnownFileType = wrapper.framework; name = UIKit.framework; path = System/Library/Frameworks/UIKit.framework; sourceTree = SDKROOT; };
		7299A50114B58B1B00097475 /* Foundation.framework */ = {isa = PBXFileReference; lastKnownFileType = wrapper.framework; name = Foundation.framework; path = System/Library/Frameworks/Foundation.framework; sourceTree = SDKROOT; };
		7299A50314B58B1B00097475 /* CoreGraphics.framework */ = {isa = PBXFileReference; lastKnownFileType = wrapper.framework; name = CoreGraphics.framework; path = System/Library/Frameworks/CoreGraphics.framework; sourceTree = SDKROOT; };
		7299A50714B58B1B00097475 /* howdoilook-Info.plist */ = {isa = PBXFileReference; lastKnownFileType = text.plist.xml; path = "howdoilook-Info.plist"; sourceTree = "<group>"; };
		7299A50914B58B1B00097475 /* en */ = {isa = PBXFileReference; lastKnownFileType = text.plist.strings; name = en; path = en.lproj/InfoPlist.strings; sourceTree = "<group>"; };
		7299A50B14B58B1B00097475 /* main.m */ = {isa = PBXFileReference; lastKnownFileType = sourcecode.c.objc; path = main.m; sourceTree = "<group>"; };
		7299A50D14B58B1B00097475 /* howdoilook-Prefix.pch */ = {isa = PBXFileReference; lastKnownFileType = sourcecode.c.h; path = "howdoilook-Prefix.pch"; sourceTree = "<group>"; };
		7299A50E14B58B1B00097475 /* AppDelegate.h */ = {isa = PBXFileReference; lastKnownFileType = sourcecode.c.h; path = AppDelegate.h; sourceTree = "<group>"; };
		7299A50F14B58B1B00097475 /* AppDelegate.m */ = {isa = PBXFileReference; lastKnownFileType = sourcecode.c.objc; path = AppDelegate.m; sourceTree = "<group>"; };
		7299A51614B58B1B00097475 /* howdoilookTests.octest */ = {isa = PBXFileReference; explicitFileType = wrapper.cfbundle; includeInIndex = 0; path = howdoilookTests.octest; sourceTree = BUILT_PRODUCTS_DIR; };
		7299A51714B58B1B00097475 /* SenTestingKit.framework */ = {isa = PBXFileReference; lastKnownFileType = wrapper.framework; name = SenTestingKit.framework; path = Library/Frameworks/SenTestingKit.framework; sourceTree = DEVELOPER_DIR; };
		7299A51F14B58B1B00097475 /* howdoilookTests-Info.plist */ = {isa = PBXFileReference; lastKnownFileType = text.plist.xml; path = "howdoilookTests-Info.plist"; sourceTree = "<group>"; };
		7299A52114B58B1B00097475 /* en */ = {isa = PBXFileReference; lastKnownFileType = text.plist.strings; name = en; path = en.lproj/InfoPlist.strings; sourceTree = "<group>"; };
		7299A52314B58B1B00097475 /* howdoilookTests.h */ = {isa = PBXFileReference; lastKnownFileType = sourcecode.c.h; path = howdoilookTests.h; sourceTree = "<group>"; };
		7299A52414B58B1B00097475 /* howdoilookTests.m */ = {isa = PBXFileReference; lastKnownFileType = sourcecode.c.objc; path = howdoilookTests.m; sourceTree = "<group>"; };
		7299A53514B58C5D00097475 /* facebook-ios-sdk.xcodeproj */ = {isa = PBXFileReference; lastKnownFileType = "wrapper.pb-project"; path = "facebook-ios-sdk.xcodeproj"; sourceTree = "<group>"; };
		7299A53814B58C5D00097475 /* Facebook.h */ = {isa = PBXFileReference; fileEncoding = 4; lastKnownFileType = sourcecode.c.h; path = Facebook.h; sourceTree = "<group>"; };
		7299A53914B58C5D00097475 /* Facebook.m */ = {isa = PBXFileReference; fileEncoding = 4; lastKnownFileType = sourcecode.c.objc; path = Facebook.m; sourceTree = "<group>"; };
		7299A53A14B58C5D00097475 /* facebook_ios_sdk_Prefix.pch */ = {isa = PBXFileReference; fileEncoding = 4; lastKnownFileType = sourcecode.c.h; path = facebook_ios_sdk_Prefix.pch; sourceTree = "<group>"; };
		7299A53B14B58C5D00097475 /* FBConnect.h */ = {isa = PBXFileReference; fileEncoding = 4; lastKnownFileType = sourcecode.c.h; path = FBConnect.h; sourceTree = "<group>"; };
		7299A53C14B58C5D00097475 /* FBDialog.bundle */ = {isa = PBXFileReference; lastKnownFileType = "wrapper.plug-in"; path = FBDialog.bundle; sourceTree = "<group>"; };
		7299A53D14B58C5D00097475 /* FBDialog.h */ = {isa = PBXFileReference; fileEncoding = 4; lastKnownFileType = sourcecode.c.h; path = FBDialog.h; sourceTree = "<group>"; };
		7299A53E14B58C5D00097475 /* FBDialog.m */ = {isa = PBXFileReference; fileEncoding = 4; lastKnownFileType = sourcecode.c.objc; path = FBDialog.m; sourceTree = "<group>"; };
		7299A53F14B58C5D00097475 /* FBLoginDialog.h */ = {isa = PBXFileReference; fileEncoding = 4; lastKnownFileType = sourcecode.c.h; path = FBLoginDialog.h; sourceTree = "<group>"; };
		7299A54014B58C5D00097475 /* FBLoginDialog.m */ = {isa = PBXFileReference; fileEncoding = 4; lastKnownFileType = sourcecode.c.objc; path = FBLoginDialog.m; sourceTree = "<group>"; };
		7299A54114B58C5D00097475 /* FBRequest.h */ = {isa = PBXFileReference; fileEncoding = 4; lastKnownFileType = sourcecode.c.h; path = FBRequest.h; sourceTree = "<group>"; };
		7299A54214B58C5D00097475 /* FBRequest.m */ = {isa = PBXFileReference; fileEncoding = 4; lastKnownFileType = sourcecode.c.objc; path = FBRequest.m; sourceTree = "<group>"; };
		7299A54414B58C5D00097475 /* JSON.h */ = {isa = PBXFileReference; fileEncoding = 4; lastKnownFileType = sourcecode.c.h; path = JSON.h; sourceTree = "<group>"; };
		7299A54514B58C5D00097475 /* NSObject+SBJSON.h */ = {isa = PBXFileReference; fileEncoding = 4; lastKnownFileType = sourcecode.c.h; path = "NSObject+SBJSON.h"; sourceTree = "<group>"; };
		7299A54614B58C5D00097475 /* NSObject+SBJSON.m */ = {isa = PBXFileReference; fileEncoding = 4; lastKnownFileType = sourcecode.c.objc; path = "NSObject+SBJSON.m"; sourceTree = "<group>"; };
		7299A54714B58C5D00097475 /* NSString+SBJSON.h */ = {isa = PBXFileReference; fileEncoding = 4; lastKnownFileType = sourcecode.c.h; path = "NSString+SBJSON.h"; sourceTree = "<group>"; };
		7299A54814B58C5D00097475 /* NSString+SBJSON.m */ = {isa = PBXFileReference; fileEncoding = 4; lastKnownFileType = sourcecode.c.objc; path = "NSString+SBJSON.m"; sourceTree = "<group>"; };
		7299A54914B58C5D00097475 /* SBJSON.h */ = {isa = PBXFileReference; fileEncoding = 4; lastKnownFileType = sourcecode.c.h; path = SBJSON.h; sourceTree = "<group>"; };
		7299A54A14B58C5D00097475 /* SBJSON.m */ = {isa = PBXFileReference; fileEncoding = 4; lastKnownFileType = sourcecode.c.objc; path = SBJSON.m; sourceTree = "<group>"; };
		7299A54B14B58C5D00097475 /* SBJsonBase.h */ = {isa = PBXFileReference; fileEncoding = 4; lastKnownFileType = sourcecode.c.h; path = SBJsonBase.h; sourceTree = "<group>"; };
		7299A54C14B58C5D00097475 /* SBJsonBase.m */ = {isa = PBXFileReference; fileEncoding = 4; lastKnownFileType = sourcecode.c.objc; path = SBJsonBase.m; sourceTree = "<group>"; };
		7299A54D14B58C5D00097475 /* SBJsonParser.h */ = {isa = PBXFileReference; fileEncoding = 4; lastKnownFileType = sourcecode.c.h; path = SBJsonParser.h; sourceTree = "<group>"; };
		7299A54E14B58C5D00097475 /* SBJsonParser.m */ = {isa = PBXFileReference; fileEncoding = 4; lastKnownFileType = sourcecode.c.objc; path = SBJsonParser.m; sourceTree = "<group>"; };
		7299A54F14B58C5D00097475 /* SBJsonWriter.h */ = {isa = PBXFileReference; fileEncoding = 4; lastKnownFileType = sourcecode.c.h; path = SBJsonWriter.h; sourceTree = "<group>"; };
		7299A55014B58C5D00097475 /* SBJsonWriter.m */ = {isa = PBXFileReference; fileEncoding = 4; lastKnownFileType = sourcecode.c.objc; path = SBJsonWriter.m; sourceTree = "<group>"; };
		7299A56514B58DBB00097475 /* SignInViewController.h */ = {isa = PBXFileReference; fileEncoding = 4; lastKnownFileType = sourcecode.c.h; path = SignInViewController.h; sourceTree = "<group>"; };
		7299A56614B58DBB00097475 /* SignInViewController.m */ = {isa = PBXFileReference; fileEncoding = 4; lastKnownFileType = sourcecode.c.objc; path = SignInViewController.m; sourceTree = "<group>"; };
		7299A56714B58DBB00097475 /* SignInViewController.xib */ = {isa = PBXFileReference; fileEncoding = 4; lastKnownFileType = file.xib; path = SignInViewController.xib; sourceTree = "<group>"; };
		7299A56B14B58E1600097475 /* MasterViewController.h */ = {isa = PBXFileReference; fileEncoding = 4; lastKnownFileType = sourcecode.c.h; path = MasterViewController.h; sourceTree = "<group>"; };
		7299A56C14B58E1600097475 /* MasterViewController.m */ = {isa = PBXFileReference; fileEncoding = 4; lastKnownFileType = sourcecode.c.objc; path = MasterViewController.m; sourceTree = "<group>"; };
		7299A56E14B5904700097475 /* Constants.h */ = {isa = PBXFileReference; fileEncoding = 4; lastKnownFileType = sourcecode.c.h; path = Constants.h; sourceTree = "<group>"; };
		7299A56F14B5919500097475 /* HomeViewController.h */ = {isa = PBXFileReference; fileEncoding = 4; lastKnownFileType = sourcecode.c.h; path = HomeViewController.h; sourceTree = "<group>"; };
		7299A57014B5919500097475 /* HomeViewController.m */ = {isa = PBXFileReference; fileEncoding = 4; lastKnownFileType = sourcecode.c.objc; path = HomeViewController.m; sourceTree = "<group>"; };
		7299A57114B5919500097475 /* HomeViewController.xib */ = {isa = PBXFileReference; fileEncoding = 4; lastKnownFileType = file.xib; path = HomeViewController.xib; sourceTree = "<group>"; };
		7299A57414B5920700097475 /* CameraViewController.h */ = {isa = PBXFileReference; fileEncoding = 4; lastKnownFileType = sourcecode.c.h; path = CameraViewController.h; sourceTree = "<group>"; };
		7299A57514B5920700097475 /* CameraViewController.m */ = {isa = PBXFileReference; fileEncoding = 4; lastKnownFileType = sourcecode.c.objc; path = CameraViewController.m; sourceTree = "<group>"; };
		7299A57614B5920700097475 /* CameraViewController.xib */ = {isa = PBXFileReference; fileEncoding = 4; lastKnownFileType = file.xib; path = CameraViewController.xib; sourceTree = "<group>"; };
		7299A57914B5921700097475 /* ConfirmViewController.h */ = {isa = PBXFileReference; fileEncoding = 4; lastKnownFileType = sourcecode.c.h; path = ConfirmViewController.h; sourceTree = "<group>"; };
		7299A57A14B5921700097475 /* ConfirmViewController.m */ = {isa = PBXFileReference; fileEncoding = 4; lastKnownFileType = sourcecode.c.objc; path = ConfirmViewController.m; sourceTree = "<group>"; };
		7299A57B14B5921700097475 /* ConfirmViewController.xib */ = {isa = PBXFileReference; fileEncoding = 4; lastKnownFileType = file.xib; path = ConfirmViewController.xib; sourceTree = "<group>"; };
		7299A57E14B5976500097475 /* InProcessViewController.h */ = {isa = PBXFileReference; fileEncoding = 4; lastKnownFileType = sourcecode.c.h; path = InProcessViewController.h; sourceTree = "<group>"; };
		7299A57F14B5976500097475 /* InProcessViewController.m */ = {isa = PBXFileReference; fileEncoding = 4; lastKnownFileType = sourcecode.c.objc; path = InProcessViewController.m; sourceTree = "<group>"; };
		7299A58114B599D500097475 /* HowDoILookViewController.h */ = {isa = PBXFileReference; fileEncoding = 4; lastKnownFileType = sourcecode.c.h; path = HowDoILookViewController.h; sourceTree = "<group>"; };
		7299A58214B599D500097475 /* HowDoILookViewController.m */ = {isa = PBXFileReference; fileEncoding = 4; lastKnownFileType = sourcecode.c.objc; path = HowDoILookViewController.m; sourceTree = "<group>"; };
/* End PBXFileReference section */

/* Begin PBXFrameworksBuildPhase section */
		7299A4F814B58B1B00097475 /* Frameworks */ = {
			isa = PBXFrameworksBuildPhase;
			buildActionMask = 2147483647;
			files = (
				7299A50014B58B1B00097475 /* UIKit.framework in Frameworks */,
				7299A50214B58B1B00097475 /* Foundation.framework in Frameworks */,
				7299A50414B58B1B00097475 /* CoreGraphics.framework in Frameworks */,
			);
			runOnlyForDeploymentPostprocessing = 0;
		};
		7299A51214B58B1B00097475 /* Frameworks */ = {
			isa = PBXFrameworksBuildPhase;
			buildActionMask = 2147483647;
			files = (
				7299A51814B58B1B00097475 /* SenTestingKit.framework in Frameworks */,
				7299A51914B58B1B00097475 /* UIKit.framework in Frameworks */,
				7299A51A14B58B1B00097475 /* Foundation.framework in Frameworks */,
			);
			runOnlyForDeploymentPostprocessing = 0;
		};
/* End PBXFrameworksBuildPhase section */

/* Begin PBXGroup section */
		72782EEE14CE167F00A84C35 /* views */ = {
			isa = PBXGroup;
			children = (
				72782EF114CE16BF00A84C35 /* hdilimage */,
				72782EF014CE16B200A84C35 /* fashionistas */,
			);
			name = views;
			sourceTree = "<group>";
		};
		72782EEF14CE16A800A84C35 /* fashionistas */ = {
			isa = PBXGroup;
			children = (
			);
			name = fashionistas;
			sourceTree = "<group>";
		};
		72782EF014CE16B200A84C35 /* fashionistas */ = {
			isa = PBXGroup;
			children = (
				72782EF614CE172700A84C35 /* FashionistasSettingsView.h */,
				72782EF714CE172700A84C35 /* FashionistasSettingsView.m */,
				72782EFA14CE175200A84C35 /* FashionistasScrollView.h */,
				72782EFB14CE175200A84C35 /* FashionistasScrollView.m */,
			);
			name = fashionistas;
			sourceTree = "<group>";
		};
		72782EF114CE16BF00A84C35 /* hdilimage */ = {
			isa = PBXGroup;
			children = (
				72782EF214CE170B00A84C35 /* PrevHDILImages.h */,
				72782EF314CE170B00A84C35 /* PrevHDILImages.m */,
				72782EFE14CE177500A84C35 /* HDILImageView.h */,
				72782EFF14CE177500A84C35 /* HDILImageView.m */,
			);
			name = hdilimage;
			sourceTree = "<group>";
		};
		72782F0214CE197600A84C35 /* cache */ = {
			isa = PBXGroup;
			children = (
				72782F0314CE198800A84C35 /* HDILImageCache.h */,
				72782F0414CE198800A84C35 /* HDILImageCache.m */,
			);
			name = cache;
			sourceTree = "<group>";
		};
		72782F1514CE2C7F00A84C35 /* db */ = {
			isa = PBXGroup;
			children = (
			);
			name = db;
			sourceTree = "<group>";
		};
		728C9CB414CA976D00D4A0EF /* default */ = {
			isa = PBXGroup;
			children = (
				728C9CB514CA979400D4A0EF /* DefaultViewController.h */,
				728C9CB614CA979400D4A0EF /* DefaultViewController.m */,
				728C9CB714CA979400D4A0EF /* DefaultViewController.xib */,
			);
			name = default;
			sourceTree = "<group>";
		};
		728C9CBA14CA987F00D4A0EF /* navigationcontrol */ = {
			isa = PBXGroup;
			children = (
				7299A56B14B58E1600097475 /* MasterViewController.h */,
				7299A56C14B58E1600097475 /* MasterViewController.m */,
			);
			name = navigationcontrol;
			sourceTree = "<group>";
		};
		728C9CBB14CA9CC400D4A0EF /* mbprogresshud */ = {
			isa = PBXGroup;
			children = (
				728C9CBC14CA9CE700D4A0EF /* MBProgressHUD.h */,
				728C9CBD14CA9CE700D4A0EF /* MBProgressHUD.m */,
			);
			name = mbprogresshud;
			sourceTree = "<group>";
		};
		728C9CBF14CA9EC000D4A0EF /* provider */ = {
			isa = PBXGroup;
			children = (
				72782F0214CE197600A84C35 /* cache */,
				72782F0714CE1B4B00A84C35 /* SettingsProvider.h */,
				72782F0814CE1B4C00A84C35 /* SettingsProvider.m */,
				728C9CD114CAA41F00D4A0EF /* DataProvider.h */,
				728C9CD214CAA42000D4A0EF /* DataProvider.m */,
				728C9CC014CA9F0D00D4A0EF /* FacebookProvider.h */,
				728C9CC114CA9F0D00D4A0EF /* FacebookProvider.m */,
				728C9CEB14CAB66600D4A0EF /* FacebookRequest.h */,
				728C9CEC14CAB66600D4A0EF /* FacebookRequest.m */,
			);
			name = provider;
			sourceTree = "<group>";
		};
		728C9CC314CAA19000D4A0EF /* data */ = {
			isa = PBXGroup;
			children = (
				728C9CC414CAA1EA00D4A0EF /* FBPerson.h */,
				728C9CC514CAA1EA00D4A0EF /* FBPerson.m */,
				728C9CD414CAABC200D4A0EF /* HDILImage.h */,
				728C9CD514CAABC200D4A0EF /* HDILImage.m */,
			);
			name = data;
			sourceTree = "<group>";
		};
		7299A4F014B58B1B00097475 = {
			isa = PBXGroup;
			children = (
				7299A50514B58B1B00097475 /* howdoilook */,
				7299A51D14B58B1B00097475 /* howdoilookTests */,
				7299A4FE14B58B1B00097475 /* Frameworks */,
				7299A4FC14B58B1B00097475 /* Products */,
			);
			sourceTree = "<group>";
		};
		7299A4FC14B58B1B00097475 /* Products */ = {
			isa = PBXGroup;
			children = (
				7299A4FB14B58B1B00097475 /* howdoilook.app */,
				7299A51614B58B1B00097475 /* howdoilookTests.octest */,
			);
			name = Products;
			sourceTree = "<group>";
		};
		7299A4FE14B58B1B00097475 /* Frameworks */ = {
			isa = PBXGroup;
			children = (
				7299A4FF14B58B1B00097475 /* UIKit.framework */,
				7299A50114B58B1B00097475 /* Foundation.framework */,
				7299A50314B58B1B00097475 /* CoreGraphics.framework */,
				7299A51714B58B1B00097475 /* SenTestingKit.framework */,
			);
			name = Frameworks;
			sourceTree = "<group>";
		};
		7299A50514B58B1B00097475 /* howdoilook */ = {
			isa = PBXGroup;
			children = (
				7299A53214B58C4400097475 /* lib */,
				72782F1514CE2C7F00A84C35 /* db */,
				728C9CC314CAA19000D4A0EF /* data */,
				728C9CBF14CA9EC000D4A0EF /* provider */,
				728C9CBA14CA987F00D4A0EF /* navigationcontrol */,
				72782EEE14CE167F00A84C35 /* views */,
				7299A56214B58D2700097475 /* viewcontrollers */,
				7299A50E14B58B1B00097475 /* AppDelegate.h */,
				7299A50F14B58B1B00097475 /* AppDelegate.m */,
				7299A50614B58B1B00097475 /* Supporting Files */,
			);
			path = howdoilook;
			sourceTree = "<group>";
		};
		7299A50614B58B1B00097475 /* Supporting Files */ = {
			isa = PBXGroup;
			children = (
				7299A50714B58B1B00097475 /* howdoilook-Info.plist */,
				7299A50814B58B1B00097475 /* InfoPlist.strings */,
				7299A50B14B58B1B00097475 /* main.m */,
				7299A50D14B58B1B00097475 /* howdoilook-Prefix.pch */,
				7299A56E14B5904700097475 /* Constants.h */,
			);
			name = "Supporting Files";
			sourceTree = "<group>";
		};
		7299A51D14B58B1B00097475 /* howdoilookTests */ = {
			isa = PBXGroup;
			children = (
				7299A52314B58B1B00097475 /* howdoilookTests.h */,
				7299A52414B58B1B00097475 /* howdoilookTests.m */,
				7299A51E14B58B1B00097475 /* Supporting Files */,
			);
			path = howdoilookTests;
			sourceTree = "<group>";
		};
		7299A51E14B58B1B00097475 /* Supporting Files */ = {
			isa = PBXGroup;
			children = (
				7299A51F14B58B1B00097475 /* howdoilookTests-Info.plist */,
				7299A52014B58B1B00097475 /* InfoPlist.strings */,
			);
			name = "Supporting Files";
			sourceTree = "<group>";
		};
		7299A53214B58C4400097475 /* lib */ = {
			isa = PBXGroup;
			children = (
				728C9CBB14CA9CC400D4A0EF /* mbprogresshud */,
				7299A53414B58C5D00097475 /* facebook */,
			);
			name = lib;
			sourceTree = "<group>";
		};
		7299A53414B58C5D00097475 /* facebook */ = {
			isa = PBXGroup;
			children = (
				7299A53514B58C5D00097475 /* facebook-ios-sdk.xcodeproj */,
				7299A53814B58C5D00097475 /* Facebook.h */,
				7299A53914B58C5D00097475 /* Facebook.m */,
				7299A53A14B58C5D00097475 /* facebook_ios_sdk_Prefix.pch */,
				7299A53B14B58C5D00097475 /* FBConnect.h */,
				7299A53C14B58C5D00097475 /* FBDialog.bundle */,
				7299A53D14B58C5D00097475 /* FBDialog.h */,
				7299A53E14B58C5D00097475 /* FBDialog.m */,
				7299A53F14B58C5D00097475 /* FBLoginDialog.h */,
				7299A54014B58C5D00097475 /* FBLoginDialog.m */,
				7299A54114B58C5D00097475 /* FBRequest.h */,
				7299A54214B58C5D00097475 /* FBRequest.m */,
				7299A54314B58C5D00097475 /* JSON */,
			);
			name = facebook;
			path = "../../facebook-ios-sdk/src";
			sourceTree = "<group>";
		};
		7299A53614B58C5D00097475 /* Products */ = {
			isa = PBXGroup;
			children = (
				7299A56114B58C5E00097475 /* libfacebook_ios_sdk.a */,
			);
			name = Products;
			sourceTree = "<group>";
		};
		7299A54314B58C5D00097475 /* JSON */ = {
			isa = PBXGroup;
			children = (
				7299A54414B58C5D00097475 /* JSON.h */,
				7299A54514B58C5D00097475 /* NSObject+SBJSON.h */,
				7299A54614B58C5D00097475 /* NSObject+SBJSON.m */,
				7299A54714B58C5D00097475 /* NSString+SBJSON.h */,
				7299A54814B58C5D00097475 /* NSString+SBJSON.m */,
				7299A54914B58C5D00097475 /* SBJSON.h */,
				7299A54A14B58C5D00097475 /* SBJSON.m */,
				7299A54B14B58C5D00097475 /* SBJsonBase.h */,
				7299A54C14B58C5D00097475 /* SBJsonBase.m */,
				7299A54D14B58C5D00097475 /* SBJsonParser.h */,
				7299A54E14B58C5D00097475 /* SBJsonParser.m */,
				7299A54F14B58C5D00097475 /* SBJsonWriter.h */,
				7299A55014B58C5D00097475 /* SBJsonWriter.m */,
			);
			path = JSON;
			sourceTree = "<group>";
		};
		7299A56214B58D2700097475 /* viewcontrollers */ = {
			isa = PBXGroup;
			children = (
				72782EEF14CE16A800A84C35 /* fashionistas */,
				728C9CB414CA976D00D4A0EF /* default */,
				7299A56A14B58DF700097475 /* abstract */,
				7299A56414B58D3C00097475 /* howdoilook */,
				7299A56314B58D3400097475 /* splash */,
			);
			name = viewcontrollers;
			sourceTree = "<group>";
		};
		7299A56314B58D3400097475 /* splash */ = {
			isa = PBXGroup;
			children = (
				7299A56514B58DBB00097475 /* SignInViewController.h */,
				7299A56614B58DBB00097475 /* SignInViewController.m */,
				7299A56714B58DBB00097475 /* SignInViewController.xib */,
			);
			name = splash;
			sourceTree = "<group>";
		};
		7299A56414B58D3C00097475 /* howdoilook */ = {
			isa = PBXGroup;
			children = (
				7299A56F14B5919500097475 /* HomeViewController.h */,
				7299A57014B5919500097475 /* HomeViewController.m */,
				7299A57114B5919500097475 /* HomeViewController.xib */,
				7299A57414B5920700097475 /* CameraViewController.h */,
				7299A57514B5920700097475 /* CameraViewController.m */,
				7299A57614B5920700097475 /* CameraViewController.xib */,
				7299A57914B5921700097475 /* ConfirmViewController.h */,
				7299A57A14B5921700097475 /* ConfirmViewController.m */,
				7299A57B14B5921700097475 /* ConfirmViewController.xib */,
			);
			name = howdoilook;
			sourceTree = "<group>";
		};
		7299A56A14B58DF700097475 /* abstract */ = {
			isa = PBXGroup;
			children = (
				7299A57E14B5976500097475 /* InProcessViewController.h */,
				7299A57F14B5976500097475 /* InProcessViewController.m */,
				7299A58114B599D500097475 /* HowDoILookViewController.h */,
				7299A58214B599D500097475 /* HowDoILookViewController.m */,
			);
			name = abstract;
			sourceTree = "<group>";
		};
/* End PBXGroup section */

/* Begin PBXNativeTarget section */
		7299A4FA14B58B1B00097475 /* howdoilook */ = {
			isa = PBXNativeTarget;
			buildConfigurationList = 7299A52814B58B1B00097475 /* Build configuration list for PBXNativeTarget "howdoilook" */;
			buildPhases = (
				7299A4F714B58B1B00097475 /* Sources */,
				7299A4F814B58B1B00097475 /* Frameworks */,
				7299A4F914B58B1B00097475 /* Resources */,
			);
			buildRules = (
			);
			dependencies = (
			);
			name = howdoilook;
			productName = howdoilook;
			productReference = 7299A4FB14B58B1B00097475 /* howdoilook.app */;
			productType = "com.apple.product-type.application";
		};
		7299A51514B58B1B00097475 /* howdoilookTests */ = {
			isa = PBXNativeTarget;
			buildConfigurationList = 7299A52B14B58B1B00097475 /* Build configuration list for PBXNativeTarget "howdoilookTests" */;
			buildPhases = (
				7299A51114B58B1B00097475 /* Sources */,
				7299A51214B58B1B00097475 /* Frameworks */,
				7299A51314B58B1B00097475 /* Resources */,
				7299A51414B58B1B00097475 /* ShellScript */,
			);
			buildRules = (
			);
			dependencies = (
				7299A51C14B58B1B00097475 /* PBXTargetDependency */,
			);
			name = howdoilookTests;
			productName = howdoilookTests;
			productReference = 7299A51614B58B1B00097475 /* howdoilookTests.octest */;
			productType = "com.apple.product-type.bundle";
		};
/* End PBXNativeTarget section */

/* Begin PBXProject section */
		7299A4F214B58B1B00097475 /* Project object */ = {
			isa = PBXProject;
			attributes = {
				LastUpgradeCheck = 0420;
			};
			buildConfigurationList = 7299A4F514B58B1B00097475 /* Build configuration list for PBXProject "howdoilook" */;
			compatibilityVersion = "Xcode 3.2";
			developmentRegion = English;
			hasScannedForEncodings = 0;
			knownRegions = (
				en,
			);
			mainGroup = 7299A4F014B58B1B00097475;
			productRefGroup = 7299A4FC14B58B1B00097475 /* Products */;
			projectDirPath = "";
			projectReferences = (
				{
					ProductGroup = 7299A53614B58C5D00097475 /* Products */;
					ProjectRef = 7299A53514B58C5D00097475 /* facebook-ios-sdk.xcodeproj */;
				},
			);
			projectRoot = "";
			targets = (
				7299A4FA14B58B1B00097475 /* howdoilook */,
				7299A51514B58B1B00097475 /* howdoilookTests */,
			);
		};
/* End PBXProject section */

/* Begin PBXReferenceProxy section */
		7299A56114B58C5E00097475 /* libfacebook_ios_sdk.a */ = {
			isa = PBXReferenceProxy;
			fileType = archive.ar;
			path = libfacebook_ios_sdk.a;
			remoteRef = 7299A56014B58C5E00097475 /* PBXContainerItemProxy */;
			sourceTree = BUILT_PRODUCTS_DIR;
		};
/* End PBXReferenceProxy section */

/* Begin PBXResourcesBuildPhase section */
		7299A4F914B58B1B00097475 /* Resources */ = {
			isa = PBXResourcesBuildPhase;
			buildActionMask = 2147483647;
			files = (
				7299A50A14B58B1B00097475 /* InfoPlist.strings in Resources */,
				7299A55514B58C5E00097475 /* FBDialog.bundle in Resources */,
				7299A56914B58DBB00097475 /* SignInViewController.xib in Resources */,
				7299A57314B5919500097475 /* HomeViewController.xib in Resources */,
				7299A57814B5920700097475 /* CameraViewController.xib in Resources */,
				7299A57D14B5921700097475 /* ConfirmViewController.xib in Resources */,
				728C9CB914CA979400D4A0EF /* DefaultViewController.xib in Resources */,
			);
			runOnlyForDeploymentPostprocessing = 0;
		};
		7299A51314B58B1B00097475 /* Resources */ = {
			isa = PBXResourcesBuildPhase;
			buildActionMask = 2147483647;
			files = (
				7299A52214B58B1B00097475 /* InfoPlist.strings in Resources */,
			);
			runOnlyForDeploymentPostprocessing = 0;
		};
/* End PBXResourcesBuildPhase section */

/* Begin PBXShellScriptBuildPhase section */
		7299A51414B58B1B00097475 /* ShellScript */ = {
			isa = PBXShellScriptBuildPhase;
			buildActionMask = 2147483647;
			files = (
			);
			inputPaths = (
			);
			outputPaths = (
			);
			runOnlyForDeploymentPostprocessing = 0;
			shellPath = /bin/sh;
			shellScript = "# Run the unit tests in this test bundle.\n\"${SYSTEM_DEVELOPER_DIR}/Tools/RunUnitTests\"\n";
		};
/* End PBXShellScriptBuildPhase section */

/* Begin PBXSourcesBuildPhase section */
		7299A4F714B58B1B00097475 /* Sources */ = {
			isa = PBXSourcesBuildPhase;
			buildActionMask = 2147483647;
			files = (
				7299A50C14B58B1B00097475 /* main.m in Sources */,
				7299A51014B58B1B00097475 /* AppDelegate.m in Sources */,
				7299A55414B58C5E00097475 /* Facebook.m in Sources */,
				7299A55614B58C5E00097475 /* FBDialog.m in Sources */,
				7299A55714B58C5E00097475 /* FBLoginDialog.m in Sources */,
				7299A55814B58C5E00097475 /* FBRequest.m in Sources */,
				7299A55914B58C5E00097475 /* NSObject+SBJSON.m in Sources */,
				7299A55A14B58C5E00097475 /* NSString+SBJSON.m in Sources */,
				7299A55B14B58C5E00097475 /* SBJSON.m in Sources */,
				7299A55C14B58C5E00097475 /* SBJsonBase.m in Sources */,
				7299A55D14B58C5E00097475 /* SBJsonParser.m in Sources */,
				7299A55E14B58C5E00097475 /* SBJsonWriter.m in Sources */,
				7299A56814B58DBB00097475 /* SignInViewController.m in Sources */,
				7299A56D14B58E1600097475 /* MasterViewController.m in Sources */,
				7299A57214B5919500097475 /* HomeViewController.m in Sources */,
				7299A57714B5920700097475 /* CameraViewController.m in Sources */,
				7299A57C14B5921700097475 /* ConfirmViewController.m in Sources */,
				7299A58014B5976500097475 /* InProcessViewController.m in Sources */,
				7299A58314B599D500097475 /* HowDoILookViewController.m in Sources */,
				728C9CB814CA979400D4A0EF /* DefaultViewController.m in Sources */,
				728C9CBE14CA9CE700D4A0EF /* MBProgressHUD.m in Sources */,
				728C9CC214CA9F0D00D4A0EF /* FacebookProvider.m in Sources */,
				728C9CC614CAA1EA00D4A0EF /* FBPerson.m in Sources */,
				728C9CD314CAA42000D4A0EF /* DataProvider.m in Sources */,
				728C9CD614CAABC200D4A0EF /* HDILImage.m in Sources */,
				728C9CED14CAB66600D4A0EF /* FacebookRequest.m in Sources */,
				72782EF414CE170B00A84C35 /* PrevHDILImages.m in Sources */,
				72782EF814CE172700A84C35 /* FashionistasSettingsView.m in Sources */,
				72782EFC14CE175200A84C35 /* FashionistasScrollView.m in Sources */,
				72782F0014CE177500A84C35 /* HDILImageView.m in Sources */,
				72782F0514CE198800A84C35 /* HDILImageCache.m in Sources */,
				72782F0914CE1B4C00A84C35 /* SettingsProvider.m in Sources */,
			);
			runOnlyForDeploymentPostprocessing = 0;
		};
		7299A51114B58B1B00097475 /* Sources */ = {
			isa = PBXSourcesBuildPhase;
			buildActionMask = 2147483647;
			files = (
				7299A52514B58B1B00097475 /* howdoilookTests.m in Sources */,
				72782EF514CE170B00A84C35 /* PrevHDILImages.m in Sources */,
				72782EF914CE172700A84C35 /* FashionistasSettingsView.m in Sources */,
				72782EFD14CE175200A84C35 /* FashionistasScrollView.m in Sources */,
				72782F0114CE177500A84C35 /* HDILImageView.m in Sources */,
				72782F0614CE198800A84C35 /* HDILImageCache.m in Sources */,
				72782F0A14CE1B4C00A84C35 /* SettingsProvider.m in Sources */,
			);
			runOnlyForDeploymentPostprocessing = 0;
		};
/* End PBXSourcesBuildPhase section */

/* Begin PBXTargetDependency section */
		7299A51C14B58B1B00097475 /* PBXTargetDependency */ = {
			isa = PBXTargetDependency;
			target = 7299A4FA14B58B1B00097475 /* howdoilook */;
			targetProxy = 7299A51B14B58B1B00097475 /* PBXContainerItemProxy */;
		};
/* End PBXTargetDependency section */

/* Begin PBXVariantGroup section */
		7299A50814B58B1B00097475 /* InfoPlist.strings */ = {
			isa = PBXVariantGroup;
			children = (
				7299A50914B58B1B00097475 /* en */,
			);
			name = InfoPlist.strings;
			sourceTree = "<group>";
		};
		7299A52014B58B1B00097475 /* InfoPlist.strings */ = {
			isa = PBXVariantGroup;
			children = (
				7299A52114B58B1B00097475 /* en */,
			);
			name = InfoPlist.strings;
			sourceTree = "<group>";
		};
/* End PBXVariantGroup section */

/* Begin XCBuildConfiguration section */
		7299A52614B58B1B00097475 /* Debug */ = {
			isa = XCBuildConfiguration;
			buildSettings = {
				ALWAYS_SEARCH_USER_PATHS = NO;
				ARCHS = "$(ARCHS_STANDARD_32_BIT)";
				CLANG_ENABLE_OBJC_ARC = NO;
				"CODE_SIGN_IDENTITY[sdk=iphoneos*]" = "iPhone Developer";
				COPY_PHASE_STRIP = NO;
				GCC_C_LANGUAGE_STANDARD = gnu99;
				GCC_DYNAMIC_NO_PIC = NO;
				GCC_OPTIMIZATION_LEVEL = 0;
				GCC_PREPROCESSOR_DEFINITIONS = (
					"DEBUG=1",
					"$(inherited)",
				);
				GCC_SYMBOLS_PRIVATE_EXTERN = NO;
				GCC_VERSION = com.apple.compilers.llvm.clang.1_0;
				GCC_WARN_ABOUT_MISSING_PROTOTYPES = YES;
				GCC_WARN_ABOUT_RETURN_TYPE = YES;
				GCC_WARN_UNUSED_VARIABLE = YES;
				IPHONEOS_DEPLOYMENT_TARGET = 5.0;
				RUN_CLANG_STATIC_ANALYZER = YES;
				SDKROOT = iphoneos;
				TARGETED_DEVICE_FAMILY = "1,2";
			};
			name = Debug;
		};
		7299A52714B58B1B00097475 /* Release */ = {
			isa = XCBuildConfiguration;
			buildSettings = {
				ALWAYS_SEARCH_USER_PATHS = NO;
				ARCHS = "$(ARCHS_STANDARD_32_BIT)";
				CLANG_ENABLE_OBJC_ARC = NO;
				"CODE_SIGN_IDENTITY[sdk=iphoneos*]" = "iPhone Developer";
				COPY_PHASE_STRIP = YES;
				GCC_C_LANGUAGE_STANDARD = gnu99;
				GCC_VERSION = com.apple.compilers.llvm.clang.1_0;
				GCC_WARN_ABOUT_MISSING_PROTOTYPES = YES;
				GCC_WARN_ABOUT_RETURN_TYPE = YES;
				GCC_WARN_UNUSED_VARIABLE = YES;
				IPHONEOS_DEPLOYMENT_TARGET = 5.0;
				OTHER_CFLAGS = "-DNS_BLOCK_ASSERTIONS=1";
				RUN_CLANG_STATIC_ANALYZER = YES;
				SDKROOT = iphoneos;
				TARGETED_DEVICE_FAMILY = "1,2";
				VALIDATE_PRODUCT = YES;
			};
			name = Release;
		};
		7299A52914B58B1B00097475 /* Debug */ = {
			isa = XCBuildConfiguration;
			buildSettings = {
				GCC_PRECOMPILE_PREFIX_HEADER = YES;
				GCC_PREFIX_HEADER = "howdoilook/howdoilook-Prefix.pch";
				INFOPLIST_FILE = "howdoilook/howdoilook-Info.plist";
				PRODUCT_NAME = "$(TARGET_NAME)";
				WRAPPER_EXTENSION = app;
			};
			name = Debug;
		};
		7299A52A14B58B1B00097475 /* Release */ = {
			isa = XCBuildConfiguration;
			buildSettings = {
				GCC_PRECOMPILE_PREFIX_HEADER = YES;
				GCC_PREFIX_HEADER = "howdoilook/howdoilook-Prefix.pch";
				INFOPLIST_FILE = "howdoilook/howdoilook-Info.plist";
				PRODUCT_NAME = "$(TARGET_NAME)";
				WRAPPER_EXTENSION = app;
			};
			name = Release;
		};
		7299A52C14B58B1B00097475 /* Debug */ = {
			isa = XCBuildConfiguration;
			buildSettings = {
				BUNDLE_LOADER = "$(BUILT_PRODUCTS_DIR)/howdoilook.app/howdoilook";
				FRAMEWORK_SEARCH_PATHS = (
					"$(SDKROOT)/Developer/Library/Frameworks",
					"$(DEVELOPER_LIBRARY_DIR)/Frameworks",
				);
				GCC_PRECOMPILE_PREFIX_HEADER = YES;
				GCC_PREFIX_HEADER = "howdoilook/howdoilook-Prefix.pch";
				INFOPLIST_FILE = "howdoilookTests/howdoilookTests-Info.plist";
				PRODUCT_NAME = "$(TARGET_NAME)";
				TEST_HOST = "$(BUNDLE_LOADER)";
				WRAPPER_EXTENSION = octest;
			};
			name = Debug;
		};
		7299A52D14B58B1B00097475 /* Release */ = {
			isa = XCBuildConfiguration;
			buildSettings = {
				BUNDLE_LOADER = "$(BUILT_PRODUCTS_DIR)/howdoilook.app/howdoilook";
				FRAMEWORK_SEARCH_PATHS = (
					"$(SDKROOT)/Developer/Library/Frameworks",
					"$(DEVELOPER_LIBRARY_DIR)/Frameworks",
				);
				GCC_PRECOMPILE_PREFIX_HEADER = YES;
				GCC_PREFIX_HEADER = "howdoilook/howdoilook-Prefix.pch";
				INFOPLIST_FILE = "howdoilookTests/howdoilookTests-Info.plist";
				PRODUCT_NAME = "$(TARGET_NAME)";
				TEST_HOST = "$(BUNDLE_LOADER)";
				WRAPPER_EXTENSION = octest;
			};
			name = Release;
		};
/* End XCBuildConfiguration section */

/* Begin XCConfigurationList section */
		7299A4F514B58B1B00097475 /* Build configuration list for PBXProject "howdoilook" */ = {
			isa = XCConfigurationList;
			buildConfigurations = (
				7299A52614B58B1B00097475 /* Debug */,
				7299A52714B58B1B00097475 /* Release */,
			);
			defaultConfigurationIsVisible = 0;
			defaultConfigurationName = Release;
		};
		7299A52814B58B1B00097475 /* Build configuration list for PBXNativeTarget "howdoilook" */ = {
			isa = XCConfigurationList;
			buildConfigurations = (
				7299A52914B58B1B00097475 /* Debug */,
				7299A52A14B58B1B00097475 /* Release */,
			);
			defaultConfigurationIsVisible = 0;
			defaultConfigurationName = Release;
		};
		7299A52B14B58B1B00097475 /* Build configuration list for PBXNativeTarget "howdoilookTests" */ = {
			isa = XCConfigurationList;
			buildConfigurations = (
				7299A52C14B58B1B00097475 /* Debug */,
				7299A52D14B58B1B00097475 /* Release */,
			);
			defaultConfigurationIsVisible = 0;
			defaultConfigurationName = Release;
		};
/* End XCConfigurationList section */
	};
	rootObject = 7299A4F214B58B1B00097475 /* Project object */;
}
